// !$*UTF8*$!
{
	archiveVersion = 1;
	classes = {
	};
	objectVersion = 46;
	objects = {

/* Begin PBXBuildFile section */
		E668389E1BA4F51E008F0F06 /* main.c in Sources */ = {isa = PBXBuildFile; fileRef = E668389D1BA4F51E008F0F06 /* main.c */; };
		E66839001BA4F75C008F0F06 /* liblibv6502.a in Frameworks */ = {isa = PBXBuildFile; fileRef = E66838F61BA4F705008F0F06 /* liblibv6502.a */; };
		E66839061BA53A82008F0F06 /* pia.c in Sources */ = {isa = PBXBuildFile; fileRef = E66839041BA53A82008F0F06 /* pia.c */; };
		E668391B1BA64C5B008F0F06 /* liblibdis6502.a in Frameworks */ = {isa = PBXBuildFile; fileRef = E66838FC1BA4F705008F0F06 /* liblibdis6502.a */; };
		E668391E1BA64C61008F0F06 /* liblibas6502.a in Frameworks */ = {isa = PBXBuildFile; fileRef = E66838F81BA4F705008F0F06 /* liblibas6502.a */; };
		E66839201BA659A6008F0F06 /* libcurses.dylib in Frameworks */ = {isa = PBXBuildFile; fileRef = E668391F1BA659A6008F0F06 /* libcurses.dylib */; };
/* End PBXBuildFile section */

/* Begin PBXContainerItemProxy section */
		E66838E71BA4F705008F0F06 /* PBXContainerItemProxy */ = {
			isa = PBXContainerItemProxy;
			containerPortal = E66838D31BA4F705008F0F06 /* v6502.xcodeproj */;
			proxyType = 2;
			remoteGlobalIDString = E64198E117373A5A00D0EE25;
			remoteInfo = as6502;
		};
		E66838E91BA4F705008F0F06 /* PBXContainerItemProxy */ = {
			isa = PBXContainerItemProxy;
			containerPortal = E66838D31BA4F705008F0F06 /* v6502.xcodeproj */;
			proxyType = 2;
			remoteGlobalIDString = E622934B175BB52900AD2866;
			remoteInfo = easy6502;
		};
		E66838EB1BA4F705008F0F06 /* PBXContainerItemProxy */ = {
			isa = PBXContainerItemProxy;
			containerPortal = E66838D31BA4F705008F0F06 /* v6502.xcodeproj */;
			proxyType = 2;
			remoteGlobalIDString = E6FB94AB1791140B0053EB7E;
			remoteInfo = v6502;
		};
		E66838ED1BA4F705008F0F06 /* PBXContainerItemProxy */ = {
			isa = PBXContainerItemProxy;
			containerPortal = E66838D31BA4F705008F0F06 /* v6502.xcodeproj */;
			proxyType = 2;
			remoteGlobalIDString = E640E21917DFDCC9009C0718;
			remoteInfo = dis6502;
		};
		E66838EF1BA4F705008F0F06 /* PBXContainerItemProxy */ = {
			isa = PBXContainerItemProxy;
			containerPortal = E66838D31BA4F705008F0F06 /* v6502.xcodeproj */;
			proxyType = 2;
			remoteGlobalIDString = E640F6D9182D95B600A4C6A5;
			remoteInfo = ld6502;
		};
		E66838F11BA4F705008F0F06 /* PBXContainerItemProxy */ = {
			isa = PBXContainerItemProxy;
			containerPortal = E66838D31BA4F705008F0F06 /* v6502.xcodeproj */;
			proxyType = 2;
			remoteGlobalIDString = E6A306281B92F9F200B259E8;
			remoteInfo = kmapgen;
		};
		E66838F31BA4F705008F0F06 /* PBXContainerItemProxy */ = {
			isa = PBXContainerItemProxy;
			containerPortal = E66838D31BA4F705008F0F06 /* v6502.xcodeproj */;
			proxyType = 2;
			remoteGlobalIDString = E6DCD5221A56A7DE002008BE;
			remoteInfo = tests;
		};
		E66838F51BA4F705008F0F06 /* PBXContainerItemProxy */ = {
			isa = PBXContainerItemProxy;
			containerPortal = E66838D31BA4F705008F0F06 /* v6502.xcodeproj */;
			proxyType = 2;
			remoteGlobalIDString = E638A4911B8AAA2300B71420;
			remoteInfo = libv6502;
		};
		E66838F71BA4F705008F0F06 /* PBXContainerItemProxy */ = {
			isa = PBXContainerItemProxy;
			containerPortal = E66838D31BA4F705008F0F06 /* v6502.xcodeproj */;
			proxyType = 2;
			remoteGlobalIDString = E638A49E1B8AAA6300B71420;
			remoteInfo = libas6502;
		};
		E66838F91BA4F705008F0F06 /* PBXContainerItemProxy */ = {
			isa = PBXContainerItemProxy;
			containerPortal = E66838D31BA4F705008F0F06 /* v6502.xcodeproj */;
			proxyType = 2;
			remoteGlobalIDString = E638A4AC1B8AAA7800B71420;
			remoteInfo = libld6502;
		};
		E66838FB1BA4F705008F0F06 /* PBXContainerItemProxy */ = {
			isa = PBXContainerItemProxy;
			containerPortal = E66838D31BA4F705008F0F06 /* v6502.xcodeproj */;
			proxyType = 2;
			remoteGlobalIDString = E638A4C81B8AAABC00B71420;
			remoteInfo = libdis6502;
		};
		E66838FE1BA4F753008F0F06 /* PBXContainerItemProxy */ = {
			isa = PBXContainerItemProxy;
			containerPortal = E66838D31BA4F705008F0F06 /* v6502.xcodeproj */;
			proxyType = 1;
			remoteGlobalIDString = E638A4901B8AAA2300B71420;
			remoteInfo = libv6502;
		};
		E66839191BA64C56008F0F06 /* PBXContainerItemProxy */ = {
			isa = PBXContainerItemProxy;
			containerPortal = E66838D31BA4F705008F0F06 /* v6502.xcodeproj */;
			proxyType = 1;
			remoteGlobalIDString = E638A4C71B8AAABC00B71420;
			remoteInfo = libdis6502;
		};
		E668391C1BA64C5E008F0F06 /* PBXContainerItemProxy */ = {
			isa = PBXContainerItemProxy;
			containerPortal = E66838D31BA4F705008F0F06 /* v6502.xcodeproj */;
			proxyType = 1;
			remoteGlobalIDString = E638A49D1B8AAA6300B71420;
			remoteInfo = libas6502;
		};
/* End PBXContainerItemProxy section */

/* Begin PBXCopyFilesBuildPhase section */
		E66838981BA4F51E008F0F06 /* CopyFiles */ = {
			isa = PBXCopyFilesBuildPhase;
			buildActionMask = 2147483647;
			dstPath = /usr/share/man/man1/;
			dstSubfolderSpec = 0;
			files = (
			);
			runOnlyForDeploymentPostprocessing = 1;
		};
/* End PBXCopyFilesBuildPhase section */

/* Begin PBXFileReference section */
		E61FA7421BAA8AEF0022E2EB /* wozmon.s */ = {isa = PBXFileReference; fileEncoding = 4; lastKnownFileType = sourcecode.asm; path = wozmon.s; sourceTree = "<group>"; };
		E668389A1BA4F51E008F0F06 /* apple1 */ = {isa = PBXFileReference; explicitFileType = "compiled.mach-o.executable"; includeInIndex = 0; path = apple1; sourceTree = BUILT_PRODUCTS_DIR; };
		E668389D1BA4F51E008F0F06 /* main.c */ = {isa = PBXFileReference; lastKnownFileType = sourcecode.c.c; path = main.c; sourceTree = "<group>"; };
		E66838D31BA4F705008F0F06 /* v6502.xcodeproj */ = {isa = PBXFileReference; lastKnownFileType = "wrapper.pb-project"; name = v6502.xcodeproj; path = v6502/v6502.xcodeproj; sourceTree = SOURCE_ROOT; };
		E66839041BA53A82008F0F06 /* pia.c */ = {isa = PBXFileReference; fileEncoding = 4; lastKnownFileType = sourcecode.c.c; path = pia.c; sourceTree = "<group>"; };
		E66839051BA53A82008F0F06 /* pia.h */ = {isa = PBXFileReference; fileEncoding = 4; lastKnownFileType = sourcecode.c.h; path = pia.h; sourceTree = "<group>"; };
		E668391F1BA659A6008F0F06 /* libcurses.dylib */ = {isa = PBXFileReference; lastKnownFileType = "compiled.mach-o.dylib"; name = libcurses.dylib; path = usr/lib/libcurses.dylib; sourceTree = SDKROOT; };
/* End PBXFileReference section */

/* Begin PBXFrameworksBuildPhase section */
		E66838971BA4F51E008F0F06 /* Frameworks */ = {
			isa = PBXFrameworksBuildPhase;
			buildActionMask = 2147483647;
			files = (
				E66839201BA659A6008F0F06 /* libcurses.dylib in Frameworks */,
				E668391E1BA64C61008F0F06 /* liblibas6502.a in Frameworks */,
				E668391B1BA64C5B008F0F06 /* liblibdis6502.a in Frameworks */,
				E66839001BA4F75C008F0F06 /* liblibv6502.a in Frameworks */,
			);
			runOnlyForDeploymentPostprocessing = 0;
		};
/* End PBXFrameworksBuildPhase section */

/* Begin PBXGroup section */
		E66838911BA4F51E008F0F06 = {
			isa = PBXGroup;
			children = (
				E668389C1BA4F51E008F0F06 /* apple1 */,
				E66838D21BA4F6F8008F0F06 /* Frameworks */,
				E668389B1BA4F51E008F0F06 /* Products */,
			);
			sourceTree = "<group>";
		};
		E668389B1BA4F51E008F0F06 /* Products */ = {
			isa = PBXGroup;
			children = (
				E668389A1BA4F51E008F0F06 /* apple1 */,
			);
			name = Products;
			sourceTree = "<group>";
		};
		E668389C1BA4F51E008F0F06 /* apple1 */ = {
			isa = PBXGroup;
			children = (
				E668389D1BA4F51E008F0F06 /* main.c */,
				E66839051BA53A82008F0F06 /* pia.h */,
				E66839041BA53A82008F0F06 /* pia.c */,
				E61FA7421BAA8AEF0022E2EB /* wozmon.s */,
			);
			path = apple1;
			sourceTree = "<group>";
		};
		E66838D21BA4F6F8008F0F06 /* Frameworks */ = {
			isa = PBXGroup;
			children = (
				E668391F1BA659A6008F0F06 /* libcurses.dylib */,
				E66838D31BA4F705008F0F06 /* v6502.xcodeproj */,
			);
			name = Frameworks;
			sourceTree = "<group>";
		};
		E66838D41BA4F705008F0F06 /* Products */ = {
			isa = PBXGroup;
			children = (
				E66838E81BA4F705008F0F06 /* as6502 */,
				E66838EA1BA4F705008F0F06 /* easy6502 */,
				E66838EC1BA4F705008F0F06 /* v6502 */,
				E66838EE1BA4F705008F0F06 /* dis6502 */,
				E66838F01BA4F705008F0F06 /* ld6502 */,
				E66838F21BA4F705008F0F06 /* kmapgen */,
				E66838F41BA4F705008F0F06 /* tests */,
				E66838F61BA4F705008F0F06 /* liblibv6502.a */,
				E66838F81BA4F705008F0F06 /* liblibas6502.a */,
				E66838FA1BA4F705008F0F06 /* liblibld6502.a */,
				E66838FC1BA4F705008F0F06 /* liblibdis6502.a */,
			);
			name = Products;
			sourceTree = "<group>";
		};
/* End PBXGroup section */

/* Begin PBXNativeTarget section */
		E66838991BA4F51E008F0F06 /* apple1 */ = {
			isa = PBXNativeTarget;
			buildConfigurationList = E66838A11BA4F51E008F0F06 /* Build configuration list for PBXNativeTarget "apple1" */;
			buildPhases = (
				E66838961BA4F51E008F0F06 /* Sources */,
				E66838971BA4F51E008F0F06 /* Frameworks */,
				E66838981BA4F51E008F0F06 /* CopyFiles */,
			);
			buildRules = (
			);
			dependencies = (
				E668391D1BA64C5E008F0F06 /* PBXTargetDependency */,
				E668391A1BA64C56008F0F06 /* PBXTargetDependency */,
				E66838FF1BA4F753008F0F06 /* PBXTargetDependency */,
			);
			name = apple1;
			productName = apple1;
			productReference = E668389A1BA4F51E008F0F06 /* apple1 */;
			productType = "com.apple.product-type.tool";
		};
/* End PBXNativeTarget section */

/* Begin PBXProject section */
		E66838921BA4F51E008F0F06 /* Project object */ = {
			isa = PBXProject;
			attributes = {
				LastUpgradeCheck = 0620;
				ORGANIZATIONNAME = "Daniel Loffgren";
				TargetAttributes = {
					E66838991BA4F51E008F0F06 = {
						CreatedOnToolsVersion = 6.2;
					};
				};
			};
			buildConfigurationList = E66838951BA4F51E008F0F06 /* Build configuration list for PBXProject "apple1" */;
			compatibilityVersion = "Xcode 3.2";
			developmentRegion = English;
			hasScannedForEncodings = 0;
			knownRegions = (
				en,
			);
			mainGroup = E66838911BA4F51E008F0F06;
			productRefGroup = E668389B1BA4F51E008F0F06 /* Products */;
			projectDirPath = "";
			projectReferences = (
				{
					ProductGroup = E66838D41BA4F705008F0F06 /* Products */;
					ProjectRef = E66838D31BA4F705008F0F06 /* v6502.xcodeproj */;
				},
			);
			projectRoot = "";
			targets = (
				E66838991BA4F51E008F0F06 /* apple1 */,
			);
		};
/* End PBXProject section */

/* Begin PBXReferenceProxy section */
		E66838E81BA4F705008F0F06 /* as6502 */ = {
			isa = PBXReferenceProxy;
			fileType = "compiled.mach-o.executable";
			path = as6502;
			remoteRef = E66838E71BA4F705008F0F06 /* PBXContainerItemProxy */;
			sourceTree = BUILT_PRODUCTS_DIR;
		};
		E66838EA1BA4F705008F0F06 /* easy6502 */ = {
			isa = PBXReferenceProxy;
			fileType = "compiled.mach-o.executable";
			path = easy6502;
			remoteRef = E66838E91BA4F705008F0F06 /* PBXContainerItemProxy */;
			sourceTree = BUILT_PRODUCTS_DIR;
		};
		E66838EC1BA4F705008F0F06 /* v6502 */ = {
			isa = PBXReferenceProxy;
			fileType = "compiled.mach-o.executable";
			path = v6502;
			remoteRef = E66838EB1BA4F705008F0F06 /* PBXContainerItemProxy */;
			sourceTree = BUILT_PRODUCTS_DIR;
		};
		E66838EE1BA4F705008F0F06 /* dis6502 */ = {
			isa = PBXReferenceProxy;
			fileType = "compiled.mach-o.executable";
			path = dis6502;
			remoteRef = E66838ED1BA4F705008F0F06 /* PBXContainerItemProxy */;
			sourceTree = BUILT_PRODUCTS_DIR;
		};
		E66838F01BA4F705008F0F06 /* ld6502 */ = {
			isa = PBXReferenceProxy;
			fileType = "compiled.mach-o.executable";
			path = ld6502;
			remoteRef = E66838EF1BA4F705008F0F06 /* PBXContainerItemProxy */;
			sourceTree = BUILT_PRODUCTS_DIR;
		};
		E66838F21BA4F705008F0F06 /* kmapgen */ = {
			isa = PBXReferenceProxy;
			fileType = "compiled.mach-o.executable";
			path = kmapgen;
			remoteRef = E66838F11BA4F705008F0F06 /* PBXContainerItemProxy */;
			sourceTree = BUILT_PRODUCTS_DIR;
		};
		E66838F41BA4F705008F0F06 /* tests */ = {
			isa = PBXReferenceProxy;
			fileType = "compiled.mach-o.executable";
			path = tests;
			remoteRef = E66838F31BA4F705008F0F06 /* PBXContainerItemProxy */;
			sourceTree = BUILT_PRODUCTS_DIR;
		};
		E66838F61BA4F705008F0F06 /* liblibv6502.a */ = {
			isa = PBXReferenceProxy;
			fileType = archive.ar;
			path = liblibv6502.a;
			remoteRef = E66838F51BA4F705008F0F06 /* PBXContainerItemProxy */;
			sourceTree = BUILT_PRODUCTS_DIR;
		};
		E66838F81BA4F705008F0F06 /* liblibas6502.a */ = {
			isa = PBXReferenceProxy;
			fileType = archive.ar;
			path = liblibas6502.a;
			remoteRef = E66838F71BA4F705008F0F06 /* PBXContainerItemProxy */;
			sourceTree = BUILT_PRODUCTS_DIR;
		};
		E66838FA1BA4F705008F0F06 /* liblibld6502.a */ = {
			isa = PBXReferenceProxy;
			fileType = archive.ar;
			path = liblibld6502.a;
			remoteRef = E66838F91BA4F705008F0F06 /* PBXContainerItemProxy */;
			sourceTree = BUILT_PRODUCTS_DIR;
		};
		E66838FC1BA4F705008F0F06 /* liblibdis6502.a */ = {
			isa = PBXReferenceProxy;
			fileType = archive.ar;
			path = liblibdis6502.a;
			remoteRef = E66838FB1BA4F705008F0F06 /* PBXContainerItemProxy */;
			sourceTree = BUILT_PRODUCTS_DIR;
		};
/* End PBXReferenceProxy section */

/* Begin PBXSourcesBuildPhase section */
		E66838961BA4F51E008F0F06 /* Sources */ = {
			isa = PBXSourcesBuildPhase;
			buildActionMask = 2147483647;
			files = (
				E66839061BA53A82008F0F06 /* pia.c in Sources */,
				E668389E1BA4F51E008F0F06 /* main.c in Sources */,
			);
			runOnlyForDeploymentPostprocessing = 0;
		};
/* End PBXSourcesBuildPhase section */

/* Begin PBXTargetDependency section */
		E66838FF1BA4F753008F0F06 /* PBXTargetDependency */ = {
			isa = PBXTargetDependency;
			name = libv6502;
			targetProxy = E66838FE1BA4F753008F0F06 /* PBXContainerItemProxy */;
		};
		E668391A1BA64C56008F0F06 /* PBXTargetDependency */ = {
			isa = PBXTargetDependency;
			name = libdis6502;
			targetProxy = E66839191BA64C56008F0F06 /* PBXContainerItemProxy */;
		};
		E668391D1BA64C5E008F0F06 /* PBXTargetDependency */ = {
			isa = PBXTargetDependency;
			name = libas6502;
			targetProxy = E668391C1BA64C5E008F0F06 /* PBXContainerItemProxy */;
		};
/* End PBXTargetDependency section */

/* Begin XCBuildConfiguration section */
		E668389F1BA4F51E008F0F06 /* Debug */ = {
			isa = XCBuildConfiguration;
			buildSettings = {
				ALWAYS_SEARCH_USER_PATHS = NO;
				CLANG_CXX_LANGUAGE_STANDARD = "gnu++0x";
				CLANG_CXX_LIBRARY = "libc++";
				CLANG_ENABLE_MODULES = YES;
				CLANG_ENABLE_OBJC_ARC = YES;
				CLANG_WARN_BOOL_CONVERSION = YES;
				CLANG_WARN_CONSTANT_CONVERSION = YES;
				CLANG_WARN_DIRECT_OBJC_ISA_USAGE = YES_ERROR;
				CLANG_WARN_EMPTY_BODY = YES;
				CLANG_WARN_ENUM_CONVERSION = YES;
				CLANG_WARN_INT_CONVERSION = YES;
				CLANG_WARN_OBJC_ROOT_CLASS = YES_ERROR;
				CLANG_WARN_UNREACHABLE_CODE = YES;
				CLANG_WARN__DUPLICATE_METHOD_MATCH = YES;
				COPY_PHASE_STRIP = NO;
				ENABLE_STRICT_OBJC_MSGSEND = YES;
				GCC_C_LANGUAGE_STANDARD = gnu99;
				GCC_DYNAMIC_NO_PIC = NO;
				GCC_OPTIMIZATION_LEVEL = 0;
				GCC_PREPROCESSOR_DEFINITIONS = (
					"DEBUG=1",
					"$(inherited)",
				);
				GCC_SYMBOLS_PRIVATE_EXTERN = NO;
				GCC_WARN_64_TO_32_BIT_CONVERSION = YES;
				GCC_WARN_ABOUT_RETURN_TYPE = YES_ERROR;
				GCC_WARN_UNDECLARED_SELECTOR = YES;
				GCC_WARN_UNINITIALIZED_AUTOS = YES_AGGRESSIVE;
				GCC_WARN_UNUSED_FUNCTION = YES;
				GCC_WARN_UNUSED_VARIABLE = YES;
				HEADER_SEARCH_PATHS = (
					"$(inherited)",
					/Applications/Xcode.app/Contents/Developer/Toolchains/XcodeDefault.xctoolchain/usr/include,
					"$(PROJECT_DIR)/v6502/",
				);
				MACOSX_DEPLOYMENT_TARGET = 10.9;
				MTL_ENABLE_DEBUG_INFO = YES;
				ONLY_ACTIVE_ARCH = YES;
				SDKROOT = macosx;
			};
			name = Debug;
		};
		E66838A01BA4F51E008F0F06 /* Release */ = {
			isa = XCBuildConfiguration;
			buildSettings = {
				ALWAYS_SEARCH_USER_PATHS = NO;
				CLANG_CXX_LANGUAGE_STANDARD = "gnu++0x";
				CLANG_CXX_LIBRARY = "libc++";
				CLANG_ENABLE_MODULES = YES;
				CLANG_ENABLE_OBJC_ARC = YES;
				CLANG_WARN_BOOL_CONVERSION = YES;
				CLANG_WARN_CONSTANT_CONVERSION = YES;
				CLANG_WARN_DIRECT_OBJC_ISA_USAGE = YES_ERROR;
				CLANG_WARN_EMPTY_BODY = YES;
				CLANG_WARN_ENUM_CONVERSION = YES;
				CLANG_WARN_INT_CONVERSION = YES;
				CLANG_WARN_OBJC_ROOT_CLASS = YES_ERROR;
				CLANG_WARN_UNREACHABLE_CODE = YES;
				CLANG_WARN__DUPLICATE_METHOD_MATCH = YES;
				COPY_PHASE_STRIP = NO;
				DEBUG_INFORMATION_FORMAT = "dwarf-with-dsym";
				ENABLE_NS_ASSERTIONS = NO;
				ENABLE_STRICT_OBJC_MSGSEND = YES;
				GCC_C_LANGUAGE_STANDARD = gnu99;
				GCC_WARN_64_TO_32_BIT_CONVERSION = YES;
				GCC_WARN_ABOUT_RETURN_TYPE = YES_ERROR;
				GCC_WARN_UNDECLARED_SELECTOR = YES;
				GCC_WARN_UNINITIALIZED_AUTOS = YES_AGGRESSIVE;
				GCC_WARN_UNUSED_FUNCTION = YES;
				GCC_WARN_UNUSED_VARIABLE = YES;
				HEADER_SEARCH_PATHS = (
					"$(inherited)",
					/Applications/Xcode.app/Contents/Developer/Toolchains/XcodeDefault.xctoolchain/usr/include,
					"$(PROJECT_DIR)/v6502/",
				);
				MACOSX_DEPLOYMENT_TARGET = 10.9;
				MTL_ENABLE_DEBUG_INFO = NO;
				SDKROOT = macosx;
			};
			name = Release;
		};
		E66838A21BA4F51E008F0F06 /* Debug */ = {
			isa = XCBuildConfiguration;
			buildSettings = {
				PRODUCT_NAME = "$(TARGET_NAME)";
			};
			name = Debug;
		};
		E66838A31BA4F51E008F0F06 /* Release */ = {
			isa = XCBuildConfiguration;
			buildSettings = {
				PRODUCT_NAME = "$(TARGET_NAME)";
			};
			name = Release;
		};
/* End XCBuildConfiguration section */

/* Begin XCConfigurationList section */
		E66838951BA4F51E008F0F06 /* Build configuration list for PBXProject "apple1" */ = {
			isa = XCConfigurationList;
			buildConfigurations = (
				E668389F1BA4F51E008F0F06 /* Debug */,
				E66838A01BA4F51E008F0F06 /* Release */,
			);
			defaultConfigurationIsVisible = 0;
			defaultConfigurationName = Release;
		};
		E66838A11BA4F51E008F0F06 /* Build configuration list for PBXNativeTarget "apple1" */ = {
			isa = XCConfigurationList;
			buildConfigurations = (
				E66838A21BA4F51E008F0F06 /* Debug */,
				E66838A31BA4F51E008F0F06 /* Release */,
			);
			defaultConfigurationIsVisible = 0;
			defaultConfigurationName = Release;
		};
/* End XCConfigurationList section */
	};
	rootObject = E66838921BA4F51E008F0F06 /* Project object */;
}
